
Microsoft Visual Studio Solution File, Format Version 11.00
# Visual Studio 2010
Project("{FAE04EC0-301F-11D3-BF4B-00C04F79EFBC}") = "SpiraExplorer2010", "SpiraExplorer\SpiraExplorer.csproj", "{DED7E66A-772F-4A0A-957E-01CA9895B07C}"
EndProject
Global
	GlobalSection(SolutionConfigurationPlatforms) = preSolution
		Debug|Any CPU = Debug|Any CPU
		Release|Any CPU = Release|Any CPU
	EndGlobalSection
	GlobalSection(ProjectConfigurationPlatforms) = postSolution
		{DED7E66A-772F-4A0A-957E-01CA9895B07C}.Debug|Any CPU.ActiveCfg = Debug|Any CPU
		{DED7E66A-772F-4A0A-957E-01CA9895B07C}.Debug|Any CPU.Build.0 = Debug|Any CPU
		{DED7E66A-772F-4A0A-957E-01CA9895B07C}.Release|Any CPU.ActiveCfg = Release|Any CPU
		{DED7E66A-772F-4A0A-957E-01CA9895B07C}.Release|Any CPU.Build.0 = Release|Any CPU
	EndGlobalSection
	GlobalSection(SolutionProperties) = preSolution
		HideSolutionNode = FALSE
	EndGlobalSection
EndGlobal
